<?xml version="1.0" encoding="UTF-8" standalone="yes" ?>
<CodeBlocks_project_file>
	<FileVersion major="1" minor="6" />
	<Project>
		<Option title="pMinaria" />
		<Option pch_mode="2" />
		<Option compiler="gcc" />
		<Build>
			<Target title="Debug">
				<Option output="bin/Debug/pTestSFML2" prefix_auto="1" extension_auto="1" />
				<Option object_output="obj/Debug/" />
				<Option type="0" />
				<Option compiler="gcc" />
				<Option projectCompilerOptionsRelation="1" />
				<Compiler>
					<Add option="-std=c++14" />
					<Add option="-g" />
					<Add directory="include" />
					<Add directory="include/model" />
					<Add directory="include/view" />
					<Add directory="include/gamestate" />
					<Add directory="include/util" />
					<Add directory="src/gamestate" />
				</Compiler>
				<Linker>
					<Add library="sfml-graphics-d" />
					<Add library="sfml-window-d" />
					<Add library="sfml-system-d" />
					<Add library="sfml-audio-d" />
					<Add library="sfml-graphics" />
					<Add library="sfml-window" />
					<Add library="sfml-system" />
					<Add library="sfml-audio" />
				</Linker>
			</Target>
			<Target title="Release">
				<Option output="bin/Release/pTestSFML2" prefix_auto="1" extension_auto="1" />
				<Option object_output="obj/Release/" />
				<Option type="1" />
				<Option compiler="gcc" />
				<Compiler>
					<Add option="-O2" />
					<Add option="-std=c++14" />
					<Add directory="include" />
					<Add directory="include/model" />
					<Add directory="include/view" />
					<Add directory="include/gamestate" />
					<Add directory="include/util" />
					<Add directory="src/gamestate" />
				</Compiler>
				<Linker>
					<Add option="-s" />
					<Add library="sfml-graphics" />
					<Add library="sfml-window" />
					<Add library="sfml-system" />
					<Add library="sfml-audio" />
				</Linker>
			</Target>
		</Build>
		<Compiler>
			<Add option="-Wall" />
			<Add option="-std=c++14" />
			<Add directory="C:/SFML-2.5.1/include" />
			<Add directory="/usr/include/SFML" />
		</Compiler>
		<Linker>
			<Add directory="C:/SFML-2.5.1/lib" />
			<Add directory="/usr/lib" />
		</Linker>
		<Unit filename="User.txt" />
		<Unit filename="include/gamestate/Game.h" />
		<Unit filename="include/gamestate/GameState.h" />
		<Unit filename="include/gamestate/GameStateAdmin.h" />
		<Unit filename="include/gamestate/GameStateCon.h" />
		<Unit filename="include/gamestate/GameStateConAdmin.h" />
		<Unit filename="include/gamestate/GameStateGame.h" />
		<Unit filename="include/gamestate/GameStateMainMenu.h" />
		<Unit filename="include/gamestate/GameStateOptionMenu.h" />
		<Unit filename="include/gamestate/GameStateTableScore.h" />
		<Unit filename="include/gui/Button.h" />
		<Unit filename="include/gui/ButtonState.h" />
		<Unit filename="include/gui/SliderSFML.h" />
		<Unit filename="include/gui/TextField.h" />
		<Unit filename="include/model/Block.h" />
		<Unit filename="include/model/BlockDiamond.h" />
		<Unit filename="include/model/BlockDirt.h" />
		<Unit filename="include/model/BlockEmerald.h" />
		<Unit filename="include/model/BlockGold.h" />
		<Unit filename="include/model/BlockIron.h" />
		<Unit filename="include/model/BlockObsidian.h" />
		<Unit filename="include/model/BlockStone.h" />
		<Unit filename="include/model/Enemy.h" />
		<Unit filename="include/model/Entity.h" />
		<Unit filename="include/model/GestionUser.h" />
		<Unit filename="include/model/LavaBlock.h" />
		<Unit filename="include/model/Pickaxe.h" />
		<Unit filename="include/model/Player.h" />
		<Unit filename="include/model/User.h" />
		<Unit filename="include/view/Animation.h" />
		<Unit filename="include/view/AnimationManager.h" />
		<Unit filename="include/view/EnemyComponent.h" />
		<Unit filename="include/view/EntityComponent.h" />
		<Unit filename="include/view/HealthBar.h" />
		<Unit filename="include/view/OresBar.h" />
		<Unit filename="include/view/PlayerComponent.h" />
		<Unit filename="include/view/Tile.h" />
		<Unit filename="include/view/TileMap.h" />
		<Unit filename="include/view/Timer.h" />
		<Unit filename="main.cpp" />
		<Unit filename="src/gamestate/Game.cpp" />
		<Unit filename="src/gamestate/GameState.cpp" />
		<Unit filename="src/gamestate/GameStateAdmin.cpp" />
		<Unit filename="src/gamestate/GameStateCon.cpp" />
		<Unit filename="src/gamestate/GameStateConAdmin.cpp" />
		<Unit filename="src/gamestate/GameStateGame.cpp" />
		<Unit filename="src/gamestate/GameStateMainMenu.cpp" />
		<Unit filename="src/gamestate/GameStateOptionMenu.cpp" />
		<Unit filename="src/gamestate/GameStateTableScore.cpp" />
		<Unit filename="src/gui/Button.cpp" />
		<Unit filename="src/gui/SliderSFML.cpp" />
		<Unit filename="src/gui/TextField.cpp" />
		<Unit filename="src/model/Block.cpp" />
		<Unit filename="src/model/BlockDiamond.cpp" />
		<Unit filename="src/model/BlockDirt.cpp" />
		<Unit filename="src/model/BlockEmerald.cpp" />
		<Unit filename="src/model/BlockGold.cpp" />
		<Unit filename="src/model/BlockIron.cpp" />
		<Unit filename="src/model/BlockObsidian.cpp" />
		<Unit filename="src/model/BlockStone.cpp" />
		<Unit filename="src/model/Enemy.cpp" />
		<Unit filename="src/model/Entity.cpp" />
		<Unit filename="src/model/GestionUser.cpp" />
		<Unit filename="src/model/LavaBlock.cpp" />
		<Unit filename="src/model/Pickaxe.cpp" />
		<Unit filename="src/model/Player.cpp" />
		<Unit filename="src/model/User.cpp" />
		<Unit filename="src/view/Animation.cpp" />
		<Unit filename="src/view/AnimationManager.cpp" />
		<Unit filename="src/view/EnemyComponent.cpp" />
		<Unit filename="src/view/EntityComponent.cpp" />
		<Unit filename="src/view/HealthBar.cpp" />
		<Unit filename="src/view/OresBar.cpp" />
		<Unit filename="src/view/PlayerComponent.cpp" />
		<Unit filename="src/view/Tile.cpp" />
		<Unit filename="src/view/TileMap.cpp" />
		<Unit filename="src/view/Timer.cpp" />
		<Extensions>
			<code_completion />
			<envvars />
			<debugger />
		</Extensions>
	</Project>
</CodeBlocks_project_file>
